PODS:
  - Flutter (1.0.0)
  - flutter_sound (0.0.1):
    - Flutter
    - mobile-ffmpeg-audio (= 4.3.1.LTS)
  - mobile-ffmpeg-audio (4.3.1.LTS)
  - path_provider (0.0.1):
    - Flutter
  - "permission_handler (5.0.1+1)":
    - Flutter

DEPENDENCIES:
  - Flutter (from `Flutter`)
  - flutter_sound (from `.symlinks/plugins/flutter_sound/ios`)
  - path_provider (from `.symlinks/plugins/path_provider/ios`)
  - permission_handler (from `.symlinks/plugins/permission_handler/ios`)

SPEC REPOS:
  trunk:
    - mobile-ffmpeg-audio

EXTERNAL SOURCES:
  Flutter:
    :path: Flutter
  flutter_sound:
    :path: ".symlinks/plugins/flutter_sound/ios"
  path_provider:
    :path: ".symlinks/plugins/path_provider/ios"
  permission_handler:
    :path: ".symlinks/plugins/permission_handler/ios"

SPEC CHECKSUMS:
  Flutter: 0e3d915762c693b495b44d77113d4970485de6ec
  flutter_sound: 9d800e8b986454e3c037d78f10ce52245daef858
  mobile-ffmpeg-audio: adc36047b8032bc0f8e5c4e6ab7cb110189d9b37
  path_provider: abfe2b5c733d04e238b0d8691db0cfd63a27a93c
  permission_handler: eac8e15b4a1a3fba55b761d19f3f4e6b005d15b6

PODFILE CHECKSUM: 97305c28c0944463088a8a81c0048d5658aad2cd

COCOAPODS: 1.8.4
